
Microsoft Visual Studio Solution File, Format Version 12.00
# Visual Studio Version 16
VisualStudioVersion = 16.0.31613.86
MinimumVisualStudioVersion = 10.0.40219.1
Project("{9A19103F-16F7-4668-BE54-9A1E7A4F7556}") = "DeflectorMobilePrism", "DeflectorMobilePrism\DeflectorMobilePrism.csproj", "{31EF99F4-F26B-43A5-9DD6-2BECCAA44E75}"
EndProject
Project("{FAE04EC0-301F-11D3-BF4B-00C04F79EFBC}") = "DeflectorMobilePrism.Android", "DeflectorMobilePrism.Android\DeflectorMobilePrism.Android.csproj", "{2D7D1D6A-1D6E-4D35-867D-9F420C7517D1}"
EndProject
Project("{FAE04EC0-301F-11D3-BF4B-00C04F79EFBC}") = "DeflectorMobilePrism.iOS", "DeflectorMobilePrism.iOS\DeflectorMobilePrism.iOS.csproj", "{B9CAA0B4-CDD7-4476-9171-2F8325C55BCA}"
EndProject
Project("{FAE04EC0-301F-11D3-BF4B-00C04F79EFBC}") = "DeflectorMobilePrism.UWP", "DeflectorMobilePrism.UWP\DeflectorMobilePrism.UWP.csproj", "{3E24ACD5-A458-4611-B0DA-779956FD7390}"
EndProject
Project("{2150E333-8FDC-42A3-9474-1A3956D46DE8}") = "Modules", "Modules", "{706AE90D-64E1-4AC4-9867-2AFB48E51C12}"
EndProject
Project("{2150E333-8FDC-42A3-9474-1A3956D46DE8}") = "Core", "Core", "{DF6662D1-651C-4FC1-A8D5-A2F47613D527}"
EndProject
Project("{9A19103F-16F7-4668-BE54-9A1E7A4F7556}") = "OperationsModule", "OperationsModule\OperationsModule.csproj", "{72822DBD-D3EF-4507-BC53-50D79F482859}"
EndProject
Project("{2150E333-8FDC-42A3-9474-1A3956D46DE8}") = "Services", "Services", "{3314A24F-CF79-4FAA-95B6-0890802FD800}"
EndProject
Project("{FAE04EC0-301F-11D3-BF4B-00C04F79EFBC}") = "Services", "Services\Services.csproj", "{3BE76459-485A-466F-A57C-C3987DEC9B7E}"
EndProject
Project("{FAE04EC0-301F-11D3-BF4B-00C04F79EFBC}") = "IServices", "IServices\IServices.csproj", "{9D613A89-DEB4-4DBB-A8DB-A6380A791CDB}"
EndProject
Global
	GlobalSection(SolutionConfigurationPlatforms) = preSolution
		Ad-Hoc|Any CPU = Ad-Hoc|Any CPU
		Ad-Hoc|ARM = Ad-Hoc|ARM
		Ad-Hoc|iPhone = Ad-Hoc|iPhone
		Ad-Hoc|iPhoneSimulator = Ad-Hoc|iPhoneSimulator
		Ad-Hoc|x64 = Ad-Hoc|x64
		Ad-Hoc|x86 = Ad-Hoc|x86
		AppStore|Any CPU = AppStore|Any CPU
		AppStore|ARM = AppStore|ARM
		AppStore|iPhone = AppStore|iPhone
		AppStore|iPhoneSimulator = AppStore|iPhoneSimulator
		AppStore|x64 = AppStore|x64
		AppStore|x86 = AppStore|x86
		Debug|Any CPU = Debug|Any CPU
		Debug|ARM = Debug|ARM
		Debug|iPhone = Debug|iPhone
		Debug|iPhoneSimulator = Debug|iPhoneSimulator
		Debug|x64 = Debug|x64
		Debug|x86 = Debug|x86
		Release|Any CPU = Release|Any CPU
		Release|ARM = Release|ARM
		Release|iPhone = Release|iPhone
		Release|iPhoneSimulator = Release|iPhoneSimulator
		Release|x64 = Release|x64
		Release|x86 = Release|x86
	EndGlobalSection
	GlobalSection(ProjectConfigurationPlatforms) = postSolution
		{31EF99F4-F26B-43A5-9DD6-2BECCAA44E75}.Ad-Hoc|Any CPU.ActiveCfg = Debug|Any CPU
		{31EF99F4-F26B-43A5-9DD6-2BECCAA44E75}.Ad-Hoc|Any CPU.Build.0 = Debug|Any CPU
		{31EF99F4-F26B-43A5-9DD6-2BECCAA44E75}.Ad-Hoc|ARM.ActiveCfg = Debug|Any CPU
		{31EF99F4-F26B-43A5-9DD6-2BECCAA44E75}.Ad-Hoc|ARM.Build.0 = Debug|Any CPU
		{31EF99F4-F26B-43A5-9DD6-2BECCAA44E75}.Ad-Hoc|iPhone.ActiveCfg = Debug|Any CPU
		{31EF99F4-F26B-43A5-9DD6-2BECCAA44E75}.Ad-Hoc|iPhone.Build.0 = Debug|Any CPU
		{31EF99F4-F26B-43A5-9DD6-2BECCAA44E75}.Ad-Hoc|iPhoneSimulator.ActiveCfg = Debug|Any CPU
		{31EF99F4-F26B-43A5-9DD6-2BECCAA44E75}.Ad-Hoc|iPhoneSimulator.Build.0 = Debug|Any CPU
		{31EF99F4-F26B-43A5-9DD6-2BECCAA44E75}.Ad-Hoc|x64.ActiveCfg = Debug|Any CPU
		{31EF99F4-F26B-43A5-9DD6-2BECCAA44E75}.Ad-Hoc|x64.Build.0 = Debug|Any CPU
		{31EF99F4-F26B-43A5-9DD6-2BECCAA44E75}.Ad-Hoc|x86.ActiveCfg = Debug|Any CPU
		{31EF99F4-F26B-43A5-9DD6-2BECCAA44E75}.Ad-Hoc|x86.Build.0 = Debug|Any CPU
		{31EF99F4-F26B-43A5-9DD6-2BECCAA44E75}.AppStore|Any CPU.ActiveCfg = Debug|Any CPU
		{31EF99F4-F26B-43A5-9DD6-2BECCAA44E75}.AppStore|Any CPU.Build.0 = Debug|Any CPU
		{31EF99F4-F26B-43A5-9DD6-2BECCAA44E75}.AppStore|ARM.ActiveCfg = Debug|Any CPU
		{31EF99F4-F26B-43A5-9DD6-2BECCAA44E75}.AppStore|ARM.Build.0 = Debug|Any CPU
		{31EF99F4-F26B-43A5-9DD6-2BECCAA44E75}.AppStore|iPhone.ActiveCfg = Debug|Any CPU
		{31EF99F4-F26B-43A5-9DD6-2BECCAA44E75}.AppStore|iPhone.Build.0 = Debug|Any CPU
		{31EF99F4-F26B-43A5-9DD6-2BECCAA44E75}.AppStore|iPhoneSimulator.ActiveCfg = Debug|Any CPU
		{31EF99F4-F26B-43A5-9DD6-2BECCAA44E75}.AppStore|iPhoneSimulator.Build.0 = Debug|Any CPU
		{31EF99F4-F26B-43A5-9DD6-2BECCAA44E75}.AppStore|x64.ActiveCfg = Debug|Any CPU
		{31EF99F4-F26B-43A5-9DD6-2BECCAA44E75}.AppStore|x64.Build.0 = Debug|Any CPU
		{31EF99F4-F26B-43A5-9DD6-2BECCAA44E75}.AppStore|x86.ActiveCfg = Debug|Any CPU
		{31EF99F4-F26B-43A5-9DD6-2BECCAA44E75}.AppStore|x86.Build.0 = Debug|Any CPU
		{31EF99F4-F26B-43A5-9DD6-2BECCAA44E75}.Debug|Any CPU.ActiveCfg = Debug|Any CPU
		{31EF99F4-F26B-43A5-9DD6-2BECCAA44E75}.Debug|Any CPU.Build.0 = Debug|Any CPU
		{31EF99F4-F26B-43A5-9DD6-2BECCAA44E75}.Debug|ARM.ActiveCfg = Debug|Any CPU
		{31EF99F4-F26B-43A5-9DD6-2BECCAA44E75}.Debug|ARM.Build.0 = Debug|Any CPU
		{31EF99F4-F26B-43A5-9DD6-2BECCAA44E75}.Debug|iPhone.ActiveCfg = Debug|Any CPU
		{31EF99F4-F26B-43A5-9DD6-2BECCAA44E75}.Debug|iPhone.Build.0 = Debug|Any CPU
		{31EF99F4-F26B-43A5-9DD6-2BECCAA44E75}.Debug|iPhoneSimulator.ActiveCfg = Debug|Any CPU
		{31EF99F4-F26B-43A5-9DD6-2BECCAA44E75}.Debug|iPhoneSimulator.Build.0 = Debug|Any CPU
		{31EF99F4-F26B-43A5-9DD6-2BECCAA44E75}.Debug|x64.ActiveCfg = Debug|Any CPU
		{31EF99F4-F26B-43A5-9DD6-2BECCAA44E75}.Debug|x64.Build.0 = Debug|Any CPU
		{31EF99F4-F26B-43A5-9DD6-2BECCAA44E75}.Debug|x86.ActiveCfg = Debug|Any CPU
		{31EF99F4-F26B-43A5-9DD6-2BECCAA44E75}.Debug|x86.Build.0 = Debug|Any CPU
		{31EF99F4-F26B-43A5-9DD6-2BECCAA44E75}.Release|Any CPU.ActiveCfg = Release|Any CPU
		{31EF99F4-F26B-43A5-9DD6-2BECCAA44E75}.Release|Any CPU.Build.0 = Release|Any CPU
		{31EF99F4-F26B-43A5-9DD6-2BECCAA44E75}.Release|ARM.ActiveCfg = Release|Any CPU
		{31EF99F4-F26B-43A5-9DD6-2BECCAA44E75}.Release|ARM.Build.0 = Release|Any CPU
		{31EF99F4-F26B-43A5-9DD6-2BECCAA44E75}.Release|iPhone.ActiveCfg = Release|Any CPU
		{31EF99F4-F26B-43A5-9DD6-2BECCAA44E75}.Release|iPhone.Build.0 = Release|Any CPU
		{31EF99F4-F26B-43A5-9DD6-2BECCAA44E75}.Release|iPhoneSimulator.ActiveCfg = Release|Any CPU
		{31EF99F4-F26B-43A5-9DD6-2BECCAA44E75}.Release|iPhoneSimulator.Build.0 = Release|Any CPU
		{31EF99F4-F26B-43A5-9DD6-2BECCAA44E75}.Release|x64.ActiveCfg = Release|Any CPU
		{31EF99F4-F26B-43A5-9DD6-2BECCAA44E75}.Release|x64.Build.0 = Release|Any CPU
		{31EF99F4-F26B-43A5-9DD6-2BECCAA44E75}.Release|x86.ActiveCfg = Release|Any CPU
		{31EF99F4-F26B-43A5-9DD6-2BECCAA44E75}.Release|x86.Build.0 = Release|Any CPU
		{2D7D1D6A-1D6E-4D35-867D-9F420C7517D1}.Ad-Hoc|Any CPU.ActiveCfg = Debug|Any CPU
		{2D7D1D6A-1D6E-4D35-867D-9F420C7517D1}.Ad-Hoc|Any CPU.Build.0 = Debug|Any CPU
		{2D7D1D6A-1D6E-4D35-867D-9F420C7517D1}.Ad-Hoc|Any CPU.Deploy.0 = Debug|Any CPU
		{2D7D1D6A-1D6E-4D35-867D-9F420C7517D1}.Ad-Hoc|ARM.ActiveCfg = Debug|Any CPU
		{2D7D1D6A-1D6E-4D35-867D-9F420C7517D1}.Ad-Hoc|ARM.Build.0 = Debug|Any CPU
		{2D7D1D6A-1D6E-4D35-867D-9F420C7517D1}.Ad-Hoc|ARM.Deploy.0 = Debug|Any CPU
		{2D7D1D6A-1D6E-4D35-867D-9F420C7517D1}.Ad-Hoc|iPhone.ActiveCfg = Debug|Any CPU
		{2D7D1D6A-1D6E-4D35-867D-9F420C7517D1}.Ad-Hoc|iPhone.Build.0 = Debug|Any CPU
		{2D7D1D6A-1D6E-4D35-867D-9F420C7517D1}.Ad-Hoc|iPhone.Deploy.0 = Debug|Any CPU
		{2D7D1D6A-1D6E-4D35-867D-9F420C7517D1}.Ad-Hoc|iPhoneSimulator.ActiveCfg = Debug|Any CPU
		{2D7D1D6A-1D6E-4D35-867D-9F420C7517D1}.Ad-Hoc|iPhoneSimulator.Build.0 = Debug|Any CPU
		{2D7D1D6A-1D6E-4D35-867D-9F420C7517D1}.Ad-Hoc|iPhoneSimulator.Deploy.0 = Debug|Any CPU
		{2D7D1D6A-1D6E-4D35-867D-9F420C7517D1}.Ad-Hoc|x64.ActiveCfg = Debug|Any CPU
		{2D7D1D6A-1D6E-4D35-867D-9F420C7517D1}.Ad-Hoc|x64.Build.0 = Debug|Any CPU
		{2D7D1D6A-1D6E-4D35-867D-9F420C7517D1}.Ad-Hoc|x64.Deploy.0 = Debug|Any CPU
		{2D7D1D6A-1D6E-4D35-867D-9F420C7517D1}.Ad-Hoc|x86.ActiveCfg = Debug|Any CPU
		{2D7D1D6A-1D6E-4D35-867D-9F420C7517D1}.Ad-Hoc|x86.Build.0 = Debug|Any CPU
		{2D7D1D6A-1D6E-4D35-867D-9F420C7517D1}.Ad-Hoc|x86.Deploy.0 = Debug|Any CPU
		{2D7D1D6A-1D6E-4D35-867D-9F420C7517D1}.AppStore|Any CPU.ActiveCfg = Debug|Any CPU
		{2D7D1D6A-1D6E-4D35-867D-9F420C7517D1}.AppStore|Any CPU.Build.0 = Debug|Any CPU
		{2D7D1D6A-1D6E-4D35-867D-9F420C7517D1}.AppStore|Any CPU.Deploy.0 = Debug|Any CPU
		{2D7D1D6A-1D6E-4D35-867D-9F420C7517D1}.AppStore|ARM.ActiveCfg = Debug|Any CPU
		{2D7D1D6A-1D6E-4D35-867D-9F420C7517D1}.AppStore|ARM.Build.0 = Debug|Any CPU
		{2D7D1D6A-1D6E-4D35-867D-9F420C7517D1}.AppStore|ARM.Deploy.0 = Debug|Any CPU
		{2D7D1D6A-1D6E-4D35-867D-9F420C7517D1}.AppStore|iPhone.ActiveCfg = Debug|Any CPU
		{2D7D1D6A-1D6E-4D35-867D-9F420C7517D1}.AppStore|iPhone.Build.0 = Debug|Any CPU
		{2D7D1D6A-1D6E-4D35-867D-9F420C7517D1}.AppStore|iPhone.Deploy.0 = Debug|Any CPU
		{2D7D1D6A-1D6E-4D35-867D-9F420C7517D1}.AppStore|iPhoneSimulator.ActiveCfg = Debug|Any CPU
		{2D7D1D6A-1D6E-4D35-867D-9F420C7517D1}.AppStore|iPhoneSimulator.Build.0 = Debug|Any CPU
		{2D7D1D6A-1D6E-4D35-867D-9F420C7517D1}.AppStore|iPhoneSimulator.Deploy.0 = Debug|Any CPU
		{2D7D1D6A-1D6E-4D35-867D-9F420C7517D1}.AppStore|x64.ActiveCfg = Debug|Any CPU
		{2D7D1D6A-1D6E-4D35-867D-9F420C7517D1}.AppStore|x64.Build.0 = Debug|Any CPU
		{2D7D1D6A-1D6E-4D35-867D-9F420C7517D1}.AppStore|x64.Deploy.0 = Debug|Any CPU
		{2D7D1D6A-1D6E-4D35-867D-9F420C7517D1}.AppStore|x86.ActiveCfg = Debug|Any CPU
		{2D7D1D6A-1D6E-4D35-867D-9F420C7517D1}.AppStore|x86.Build.0 = Debug|Any CPU
		{2D7D1D6A-1D6E-4D35-867D-9F420C7517D1}.AppStore|x86.Deploy.0 = Debug|Any CPU
		{2D7D1D6A-1D6E-4D35-867D-9F420C7517D1}.Debug|Any CPU.ActiveCfg = Debug|Any CPU
		{2D7D1D6A-1D6E-4D35-867D-9F420C7517D1}.Debug|Any CPU.Build.0 = Debug|Any CPU
		{2D7D1D6A-1D6E-4D35-867D-9F420C7517D1}.Debug|Any CPU.Deploy.0 = Debug|Any CPU
		{2D7D1D6A-1D6E-4D35-867D-9F420C7517D1}.Debug|ARM.ActiveCfg = Debug|Any CPU
		{2D7D1D6A-1D6E-4D35-867D-9F420C7517D1}.Debug|ARM.Build.0 = Debug|Any CPU
		{2D7D1D6A-1D6E-4D35-867D-9F420C7517D1}.Debug|ARM.Deploy.0 = Debug|Any CPU
		{2D7D1D6A-1D6E-4D35-867D-9F420C7517D1}.Debug|iPhone.ActiveCfg = Debug|Any CPU
		{2D7D1D6A-1D6E-4D35-867D-9F420C7517D1}.Debug|iPhone.Build.0 = Debug|Any CPU
		{2D7D1D6A-1D6E-4D35-867D-9F420C7517D1}.Debug|iPhone.Deploy.0 = Debug|Any CPU
		{2D7D1D6A-1D6E-4D35-867D-9F420C7517D1}.Debug|iPhoneSimulator.ActiveCfg = Debug|Any CPU
		{2D7D1D6A-1D6E-4D35-867D-9F420C7517D1}.Debug|iPhoneSimulator.Build.0 = Debug|Any CPU
		{2D7D1D6A-1D6E-4D35-867D-9F420C7517D1}.Debug|iPhoneSimulator.Deploy.0 = Debug|Any CPU
		{2D7D1D6A-1D6E-4D35-867D-9F420C7517D1}.Debug|x64.ActiveCfg = Debug|Any CPU
		{2D7D1D6A-1D6E-4D35-867D-9F420C7517D1}.Debug|x64.Build.0 = Debug|Any CPU
		{2D7D1D6A-1D6E-4D35-867D-9F420C7517D1}.Debug|x64.Deploy.0 = Debug|Any CPU
		{2D7D1D6A-1D6E-4D35-867D-9F420C7517D1}.Debug|x86.ActiveCfg = Debug|Any CPU
		{2D7D1D6A-1D6E-4D35-867D-9F420C7517D1}.Debug|x86.Build.0 = Debug|Any CPU
		{2D7D1D6A-1D6E-4D35-867D-9F420C7517D1}.Debug|x86.Deploy.0 = Debug|Any CPU
		{2D7D1D6A-1D6E-4D35-867D-9F420C7517D1}.Release|Any CPU.ActiveCfg = Release|Any CPU
		{2D7D1D6A-1D6E-4D35-867D-9F420C7517D1}.Release|Any CPU.Build.0 = Release|Any CPU
		{2D7D1D6A-1D6E-4D35-867D-9F420C7517D1}.Release|Any CPU.Deploy.0 = Release|Any CPU
		{2D7D1D6A-1D6E-4D35-867D-9F420C7517D1}.Release|ARM.ActiveCfg = Release|Any CPU
		{2D7D1D6A-1D6E-4D35-867D-9F420C7517D1}.Release|ARM.Build.0 = Release|Any CPU
		{2D7D1D6A-1D6E-4D35-867D-9F420C7517D1}.Release|ARM.Deploy.0 = Release|Any CPU
		{2D7D1D6A-1D6E-4D35-867D-9F420C7517D1}.Release|iPhone.ActiveCfg = Release|Any CPU
		{2D7D1D6A-1D6E-4D35-867D-9F420C7517D1}.Release|iPhone.Build.0 = Release|Any CPU
		{2D7D1D6A-1D6E-4D35-867D-9F420C7517D1}.Release|iPhone.Deploy.0 = Release|Any CPU
		{2D7D1D6A-1D6E-4D35-867D-9F420C7517D1}.Release|iPhoneSimulator.ActiveCfg = Release|Any CPU
		{2D7D1D6A-1D6E-4D35-867D-9F420C7517D1}.Release|iPhoneSimulator.Build.0 = Release|Any CPU
		{2D7D1D6A-1D6E-4D35-867D-9F420C7517D1}.Release|iPhoneSimulator.Deploy.0 = Release|Any CPU
		{2D7D1D6A-1D6E-4D35-867D-9F420C7517D1}.Release|x64.ActiveCfg = Release|Any CPU
		{2D7D1D6A-1D6E-4D35-867D-9F420C7517D1}.Release|x64.Build.0 = Release|Any CPU
		{2D7D1D6A-1D6E-4D35-867D-9F420C7517D1}.Release|x64.Deploy.0 = Release|Any CPU
		{2D7D1D6A-1D6E-4D35-867D-9F420C7517D1}.Release|x86.ActiveCfg = Release|Any CPU
		{2D7D1D6A-1D6E-4D35-867D-9F420C7517D1}.Release|x86.Build.0 = Release|Any CPU
		{2D7D1D6A-1D6E-4D35-867D-9F420C7517D1}.Release|x86.Deploy.0 = Release|Any CPU
		{B9CAA0B4-CDD7-4476-9171-2F8325C55BCA}.Ad-Hoc|Any CPU.ActiveCfg = Ad-Hoc|iPhoneSimulator
		{B9CAA0B4-CDD7-4476-9171-2F8325C55BCA}.Ad-Hoc|ARM.ActiveCfg = Ad-Hoc|iPhoneSimulator
		{B9CAA0B4-CDD7-4476-9171-2F8325C55BCA}.Ad-Hoc|iPhone.ActiveCfg = Ad-Hoc|iPhone
		{B9CAA0B4-CDD7-4476-9171-2F8325C55BCA}.Ad-Hoc|iPhone.Build.0 = Ad-Hoc|iPhone
		{B9CAA0B4-CDD7-4476-9171-2F8325C55BCA}.Ad-Hoc|iPhoneSimulator.ActiveCfg = Ad-Hoc|iPhoneSimulator
		{B9CAA0B4-CDD7-4476-9171-2F8325C55BCA}.Ad-Hoc|iPhoneSimulator.Build.0 = Ad-Hoc|iPhoneSimulator
		{B9CAA0B4-CDD7-4476-9171-2F8325C55BCA}.Ad-Hoc|x64.ActiveCfg = Ad-Hoc|iPhoneSimulator
		{B9CAA0B4-CDD7-4476-9171-2F8325C55BCA}.Ad-Hoc|x86.ActiveCfg = Ad-Hoc|iPhoneSimulator
		{B9CAA0B4-CDD7-4476-9171-2F8325C55BCA}.AppStore|Any CPU.ActiveCfg = AppStore|iPhoneSimulator
		{B9CAA0B4-CDD7-4476-9171-2F8325C55BCA}.AppStore|ARM.ActiveCfg = AppStore|iPhoneSimulator
		{B9CAA0B4-CDD7-4476-9171-2F8325C55BCA}.AppStore|iPhone.ActiveCfg = AppStore|iPhone
		{B9CAA0B4-CDD7-4476-9171-2F8325C55BCA}.AppStore|iPhone.Build.0 = AppStore|iPhone
		{B9CAA0B4-CDD7-4476-9171-2F8325C55BCA}.AppStore|iPhoneSimulator.ActiveCfg = AppStore|iPhoneSimulator
		{B9CAA0B4-CDD7-4476-9171-2F8325C55BCA}.AppStore|iPhoneSimulator.Build.0 = AppStore|iPhoneSimulator
		{B9CAA0B4-CDD7-4476-9171-2F8325C55BCA}.AppStore|x64.ActiveCfg = AppStore|iPhoneSimulator
		{B9CAA0B4-CDD7-4476-9171-2F8325C55BCA}.AppStore|x86.ActiveCfg = AppStore|iPhoneSimulator
		{B9CAA0B4-CDD7-4476-9171-2F8325C55BCA}.Debug|Any CPU.ActiveCfg = Debug|iPhoneSimulator
		{B9CAA0B4-CDD7-4476-9171-2F8325C55BCA}.Debug|ARM.ActiveCfg = Debug|iPhoneSimulator
		{B9CAA0B4-CDD7-4476-9171-2F8325C55BCA}.Debug|iPhone.ActiveCfg = Debug|iPhone
		{B9CAA0B4-CDD7-4476-9171-2F8325C55BCA}.Debug|iPhone.Build.0 = Debug|iPhone
		{B9CAA0B4-CDD7-4476-9171-2F8325C55BCA}.Debug|iPhoneSimulator.ActiveCfg = Debug|iPhoneSimulator
		{B9CAA0B4-CDD7-4476-9171-2F8325C55BCA}.Debug|iPhoneSimulator.Build.0 = Debug|iPhoneSimulator
		{B9CAA0B4-CDD7-4476-9171-2F8325C55BCA}.Debug|x64.ActiveCfg = Debug|iPhoneSimulator
		{B9CAA0B4-CDD7-4476-9171-2F8325C55BCA}.Debug|x86.ActiveCfg = Debug|iPhoneSimulator
		{B9CAA0B4-CDD7-4476-9171-2F8325C55BCA}.Release|Any CPU.ActiveCfg = Release|iPhoneSimulator
		{B9CAA0B4-CDD7-4476-9171-2F8325C55BCA}.Release|ARM.ActiveCfg = Release|iPhoneSimulator
		{B9CAA0B4-CDD7-4476-9171-2F8325C55BCA}.Release|iPhone.ActiveCfg = Release|iPhone
		{B9CAA0B4-CDD7-4476-9171-2F8325C55BCA}.Release|iPhone.Build.0 = Release|iPhone
		{B9CAA0B4-CDD7-4476-9171-2F8325C55BCA}.Release|iPhoneSimulator.ActiveCfg = Release|iPhoneSimulator
		{B9CAA0B4-CDD7-4476-9171-2F8325C55BCA}.Release|iPhoneSimulator.Build.0 = Release|iPhoneSimulator
		{B9CAA0B4-CDD7-4476-9171-2F8325C55BCA}.Release|x64.ActiveCfg = Release|iPhoneSimulator
		{B9CAA0B4-CDD7-4476-9171-2F8325C55BCA}.Release|x86.ActiveCfg = Release|iPhoneSimulator
		{3E24ACD5-A458-4611-B0DA-779956FD7390}.Ad-Hoc|Any CPU.ActiveCfg = Debug|ARM
		{3E24ACD5-A458-4611-B0DA-779956FD7390}.Ad-Hoc|Any CPU.Build.0 = Debug|ARM
		{3E24ACD5-A458-4611-B0DA-779956FD7390}.Ad-Hoc|Any CPU.Deploy.0 = Debug|ARM
		{3E24ACD5-A458-4611-B0DA-779956FD7390}.Ad-Hoc|ARM.ActiveCfg = Debug|ARM
		{3E24ACD5-A458-4611-B0DA-779956FD7390}.Ad-Hoc|ARM.Build.0 = Debug|ARM
		{3E24ACD5-A458-4611-B0DA-779956FD7390}.Ad-Hoc|ARM.Deploy.0 = Debug|ARM
		{3E24ACD5-A458-4611-B0DA-779956FD7390}.Ad-Hoc|iPhone.ActiveCfg = Debug|ARM
		{3E24ACD5-A458-4611-B0DA-779956FD7390}.Ad-Hoc|iPhone.Build.0 = Debug|ARM
		{3E24ACD5-A458-4611-B0DA-779956FD7390}.Ad-Hoc|iPhone.Deploy.0 = Debug|ARM
		{3E24ACD5-A458-4611-B0DA-779956FD7390}.Ad-Hoc|iPhoneSimulator.ActiveCfg = Debug|ARM
		{3E24ACD5-A458-4611-B0DA-779956FD7390}.Ad-Hoc|iPhoneSimulator.Build.0 = Debug|ARM
		{3E24ACD5-A458-4611-B0DA-779956FD7390}.Ad-Hoc|iPhoneSimulator.Deploy.0 = Debug|ARM
		{3E24ACD5-A458-4611-B0DA-779956FD7390}.Ad-Hoc|x64.ActiveCfg = Debug|x64
		{3E24ACD5-A458-4611-B0DA-779956FD7390}.Ad-Hoc|x64.Build.0 = Debug|x64
		{3E24ACD5-A458-4611-B0DA-779956FD7390}.Ad-Hoc|x64.Deploy.0 = Debug|x64
		{3E24ACD5-A458-4611-B0DA-779956FD7390}.Ad-Hoc|x86.ActiveCfg = Debug|x86
		{3E24ACD5-A458-4611-B0DA-779956FD7390}.Ad-Hoc|x86.Build.0 = Debug|x86
		{3E24ACD5-A458-4611-B0DA-779956FD7390}.Ad-Hoc|x86.Deploy.0 = Debug|x86
		{3E24ACD5-A458-4611-B0DA-779956FD7390}.AppStore|Any CPU.ActiveCfg = Debug|ARM
		{3E24ACD5-A458-4611-B0DA-779956FD7390}.AppStore|Any CPU.Build.0 = Debug|ARM
		{3E24ACD5-A458-4611-B0DA-779956FD7390}.AppStore|Any CPU.Deploy.0 = Debug|ARM
		{3E24ACD5-A458-4611-B0DA-779956FD7390}.AppStore|ARM.ActiveCfg = Debug|ARM
		{3E24ACD5-A458-4611-B0DA-779956FD7390}.AppStore|ARM.Build.0 = Debug|ARM
		{3E24ACD5-A458-4611-B0DA-779956FD7390}.AppStore|ARM.Deploy.0 = Debug|ARM
		{3E24ACD5-A458-4611-B0DA-779956FD7390}.AppStore|iPhone.ActiveCfg = Debug|ARM
		{3E24ACD5-A458-4611-B0DA-779956FD7390}.AppStore|iPhone.Build.0 = Debug|ARM
		{3E24ACD5-A458-4611-B0DA-779956FD7390}.AppStore|iPhone.Deploy.0 = Debug|ARM
		{3E24ACD5-A458-4611-B0DA-779956FD7390}.AppStore|iPhoneSimulator.ActiveCfg = Debug|ARM
		{3E24ACD5-A458-4611-B0DA-779956FD7390}.AppStore|iPhoneSimulator.Build.0 = Debug|ARM
		{3E24ACD5-A458-4611-B0DA-779956FD7390}.AppStore|iPhoneSimulator.Deploy.0 = Debug|ARM
		{3E24ACD5-A458-4611-B0DA-779956FD7390}.AppStore|x64.ActiveCfg = Debug|x64
		{3E24ACD5-A458-4611-B0DA-779956FD7390}.AppStore|x64.Build.0 = Debug|x64
		{3E24ACD5-A458-4611-B0DA-779956FD7390}.AppStore|x64.Deploy.0 = Debug|x64
		{3E24ACD5-A458-4611-B0DA-779956FD7390}.AppStore|x86.ActiveCfg = Debug|x86
		{3E24ACD5-A458-4611-B0DA-779956FD7390}.AppStore|x86.Build.0 = Debug|x86
		{3E24ACD5-A458-4611-B0DA-779956FD7390}.AppStore|x86.Deploy.0 = Debug|x86
		{3E24ACD5-A458-4611-B0DA-779956FD7390}.Debug|Any CPU.ActiveCfg = Debug|x86
		{3E24ACD5-A458-4611-B0DA-779956FD7390}.Debug|ARM.ActiveCfg = Debug|ARM
		{3E24ACD5-A458-4611-B0DA-779956FD7390}.Debug|ARM.Build.0 = Debug|ARM
		{3E24ACD5-A458-4611-B0DA-779956FD7390}.Debug|ARM.Deploy.0 = Debug|ARM
		{3E24ACD5-A458-4611-B0DA-779956FD7390}.Debug|iPhone.ActiveCfg = Debug|x86
		{3E24ACD5-A458-4611-B0DA-779956FD7390}.Debug|iPhoneSimulator.ActiveCfg = Debug|x86
		{3E24ACD5-A458-4611-B0DA-779956FD7390}.Debug|x64.ActiveCfg = Debug|x64
		{3E24ACD5-A458-4611-B0DA-779956FD7390}.Debug|x64.Build.0 = Debug|x64
		{3E24ACD5-A458-4611-B0DA-779956FD7390}.Debug|x64.Deploy.0 = Debug|x64
		{3E24ACD5-A458-4611-B0DA-779956FD7390}.Debug|x86.ActiveCfg = Debug|x86
		{3E24ACD5-A458-4611-B0DA-779956FD7390}.Debug|x86.Build.0 = Debug|x86
		{3E24ACD5-A458-4611-B0DA-779956FD7390}.Debug|x86.Deploy.0 = Debug|x86
		{3E24ACD5-A458-4611-B0DA-779956FD7390}.Release|Any CPU.ActiveCfg = Release|x86
		{3E24ACD5-A458-4611-B0DA-779956FD7390}.Release|ARM.ActiveCfg = Release|ARM
		{3E24ACD5-A458-4611-B0DA-779956FD7390}.Release|ARM.Build.0 = Release|ARM
		{3E24ACD5-A458-4611-B0DA-779956FD7390}.Release|ARM.Deploy.0 = Release|ARM
		{3E24ACD5-A458-4611-B0DA-779956FD7390}.Release|iPhone.ActiveCfg = Release|x86
		{3E24ACD5-A458-4611-B0DA-779956FD7390}.Release|iPhoneSimulator.ActiveCfg = Release|x86
		{3E24ACD5-A458-4611-B0DA-779956FD7390}.Release|x64.ActiveCfg = Release|x64
		{3E24ACD5-A458-4611-B0DA-779956FD7390}.Release|x64.Build.0 = Release|x64
		{3E24ACD5-A458-4611-B0DA-779956FD7390}.Release|x64.Deploy.0 = Release|x64
		{3E24ACD5-A458-4611-B0DA-779956FD7390}.Release|x86.ActiveCfg = Release|x86
		{3E24ACD5-A458-4611-B0DA-779956FD7390}.Release|x86.Build.0 = Release|x86
		{3E24ACD5-A458-4611-B0DA-779956FD7390}.Release|x86.Deploy.0 = Release|x86
		{72822DBD-D3EF-4507-BC53-50D79F482859}.Ad-Hoc|Any CPU.ActiveCfg = Debug|Any CPU
		{72822DBD-D3EF-4507-BC53-50D79F482859}.Ad-Hoc|Any CPU.Build.0 = Debug|Any CPU
		{72822DBD-D3EF-4507-BC53-50D79F482859}.Ad-Hoc|ARM.ActiveCfg = Debug|Any CPU
		{72822DBD-D3EF-4507-BC53-50D79F482859}.Ad-Hoc|ARM.Build.0 = Debug|Any CPU
		{72822DBD-D3EF-4507-BC53-50D79F482859}.Ad-Hoc|iPhone.ActiveCfg = Debug|Any CPU
		{72822DBD-D3EF-4507-BC53-50D79F482859}.Ad-Hoc|iPhone.Build.0 = Debug|Any CPU
		{72822DBD-D3EF-4507-BC53-50D79F482859}.Ad-Hoc|iPhoneSimulator.ActiveCfg = Debug|Any CPU
		{72822DBD-D3EF-4507-BC53-50D79F482859}.Ad-Hoc|iPhoneSimulator.Build.0 = Debug|Any CPU
		{72822DBD-D3EF-4507-BC53-50D79F482859}.Ad-Hoc|x64.ActiveCfg = Debug|Any CPU
		{72822DBD-D3EF-4507-BC53-50D79F482859}.Ad-Hoc|x64.Build.0 = Debug|Any CPU
		{72822DBD-D3EF-4507-BC53-50D79F482859}.Ad-Hoc|x86.ActiveCfg = Debug|Any CPU
		{72822DBD-D3EF-4507-BC53-50D79F482859}.Ad-Hoc|x86.Build.0 = Debug|Any CPU
		{72822DBD-D3EF-4507-BC53-50D79F482859}.AppStore|Any CPU.ActiveCfg = Debug|Any CPU
		{72822DBD-D3EF-4507-BC53-50D79F482859}.AppStore|Any CPU.Build.0 = Debug|Any CPU
		{72822DBD-D3EF-4507-BC53-50D79F482859}.AppStore|ARM.ActiveCfg = Debug|Any CPU
		{72822DBD-D3EF-4507-BC53-50D79F482859}.AppStore|ARM.Build.0 = Debug|Any CPU
		{72822DBD-D3EF-4507-BC53-50D79F482859}.AppStore|iPhone.ActiveCfg = Debug|Any CPU
		{72822DBD-D3EF-4507-BC53-50D79F482859}.AppStore|iPhone.Build.0 = Debug|Any CPU
		{72822DBD-D3EF-4507-BC53-50D79F482859}.AppStore|iPhoneSimulator.ActiveCfg = Debug|Any CPU
		{72822DBD-D3EF-4507-BC53-50D79F482859}.AppStore|iPhoneSimulator.Build.0 = Debug|Any CPU
		{72822DBD-D3EF-4507-BC53-50D79F482859}.AppStore|x64.ActiveCfg = Debug|Any CPU
		{72822DBD-D3EF-4507-BC53-50D79F482859}.AppStore|x64.Build.0 = Debug|Any CPU
		{72822DBD-D3EF-4507-BC53-50D79F482859}.AppStore|x86.ActiveCfg = Debug|Any CPU
		{72822DBD-D3EF-4507-BC53-50D79F482859}.AppStore|x86.Build.0 = Debug|Any CPU
		{72822DBD-D3EF-4507-BC53-50D79F482859}.Debug|Any CPU.ActiveCfg = Debug|Any CPU
		{72822DBD-D3EF-4507-BC53-50D79F482859}.Debug|Any CPU.Build.0 = Debug|Any CPU
		{72822DBD-D3EF-4507-BC53-50D79F482859}.Debug|ARM.ActiveCfg = Debug|Any CPU
		{72822DBD-D3EF-4507-BC53-50D79F482859}.Debug|ARM.Build.0 = Debug|Any CPU
		{72822DBD-D3EF-4507-BC53-50D79F482859}.Debug|iPhone.ActiveCfg = Debug|Any CPU
		{72822DBD-D3EF-4507-BC53-50D79F482859}.Debug|iPhone.Build.0 = Debug|Any CPU
		{72822DBD-D3EF-4507-BC53-50D79F482859}.Debug|iPhoneSimulator.ActiveCfg = Debug|Any CPU
		{72822DBD-D3EF-4507-BC53-50D79F482859}.Debug|iPhoneSimulator.Build.0 = Debug|Any CPU
		{72822DBD-D3EF-4507-BC53-50D79F482859}.Debug|x64.ActiveCfg = Debug|Any CPU
		{72822DBD-D3EF-4507-BC53-50D79F482859}.Debug|x64.Build.0 = Debug|Any CPU
		{72822DBD-D3EF-4507-BC53-50D79F482859}.Debug|x86.ActiveCfg = Debug|Any CPU
		{72822DBD-D3EF-4507-BC53-50D79F482859}.Debug|x86.Build.0 = Debug|Any CPU
		{72822DBD-D3EF-4507-BC53-50D79F482859}.Release|Any CPU.ActiveCfg = Release|Any CPU
		{72822DBD-D3EF-4507-BC53-50D79F482859}.Release|Any CPU.Build.0 = Release|Any CPU
		{72822DBD-D3EF-4507-BC53-50D79F482859}.Release|ARM.ActiveCfg = Release|Any CPU
		{72822DBD-D3EF-4507-BC53-50D79F482859}.Release|ARM.Build.0 = Release|Any CPU
		{72822DBD-D3EF-4507-BC53-50D79F482859}.Release|iPhone.ActiveCfg = Release|Any CPU
		{72822DBD-D3EF-4507-BC53-50D79F482859}.Release|iPhone.Build.0 = Release|Any CPU
		{72822DBD-D3EF-4507-BC53-50D79F482859}.Release|iPhoneSimulator.ActiveCfg = Release|Any CPU
		{72822DBD-D3EF-4507-BC53-50D79F482859}.Release|iPhoneSimulator.Build.0 = Release|Any CPU
		{72822DBD-D3EF-4507-BC53-50D79F482859}.Release|x64.ActiveCfg = Release|Any CPU
		{72822DBD-D3EF-4507-BC53-50D79F482859}.Release|x64.Build.0 = Release|Any CPU
		{72822DBD-D3EF-4507-BC53-50D79F482859}.Release|x86.ActiveCfg = Release|Any CPU
		{72822DBD-D3EF-4507-BC53-50D79F482859}.Release|x86.Build.0 = Release|Any CPU
		{3BE76459-485A-466F-A57C-C3987DEC9B7E}.Ad-Hoc|Any CPU.ActiveCfg = Debug|Any CPU
		{3BE76459-485A-466F-A57C-C3987DEC9B7E}.Ad-Hoc|Any CPU.Build.0 = Debug|Any CPU
		{3BE76459-485A-466F-A57C-C3987DEC9B7E}.Ad-Hoc|ARM.ActiveCfg = Debug|Any CPU
		{3BE76459-485A-466F-A57C-C3987DEC9B7E}.Ad-Hoc|ARM.Build.0 = Debug|Any CPU
		{3BE76459-485A-466F-A57C-C3987DEC9B7E}.Ad-Hoc|iPhone.ActiveCfg = Debug|Any CPU
		{3BE76459-485A-466F-A57C-C3987DEC9B7E}.Ad-Hoc|iPhone.Build.0 = Debug|Any CPU
		{3BE76459-485A-466F-A57C-C3987DEC9B7E}.Ad-Hoc|iPhoneSimulator.ActiveCfg = Debug|Any CPU
		{3BE76459-485A-466F-A57C-C3987DEC9B7E}.Ad-Hoc|iPhoneSimulator.Build.0 = Debug|Any CPU
		{3BE76459-485A-466F-A57C-C3987DEC9B7E}.Ad-Hoc|x64.ActiveCfg = Debug|Any CPU
		{3BE76459-485A-466F-A57C-C3987DEC9B7E}.Ad-Hoc|x64.Build.0 = Debug|Any CPU
		{3BE76459-485A-466F-A57C-C3987DEC9B7E}.Ad-Hoc|x86.ActiveCfg = Debug|Any CPU
		{3BE76459-485A-466F-A57C-C3987DEC9B7E}.Ad-Hoc|x86.Build.0 = Debug|Any CPU
		{3BE76459-485A-466F-A57C-C3987DEC9B7E}.AppStore|Any CPU.ActiveCfg = Debug|Any CPU
		{3BE76459-485A-466F-A57C-C3987DEC9B7E}.AppStore|Any CPU.Build.0 = Debug|Any CPU
		{3BE76459-485A-466F-A57C-C3987DEC9B7E}.AppStore|ARM.ActiveCfg = Debug|Any CPU
		{3BE76459-485A-466F-A57C-C3987DEC9B7E}.AppStore|ARM.Build.0 = Debug|Any CPU
		{3BE76459-485A-466F-A57C-C3987DEC9B7E}.AppStore|iPhone.ActiveCfg = Debug|Any CPU
		{3BE76459-485A-466F-A57C-C3987DEC9B7E}.AppStore|iPhone.Build.0 = Debug|Any CPU
		{3BE76459-485A-466F-A57C-C3987DEC9B7E}.AppStore|iPhoneSimulator.ActiveCfg = Debug|Any CPU
		{3BE76459-485A-466F-A57C-C3987DEC9B7E}.AppStore|iPhoneSimulator.Build.0 = Debug|Any CPU
		{3BE76459-485A-466F-A57C-C3987DEC9B7E}.AppStore|x64.ActiveCfg = Debug|Any CPU
		{3BE76459-485A-466F-A57C-C3987DEC9B7E}.AppStore|x64.Build.0 = Debug|Any CPU
		{3BE76459-485A-466F-A57C-C3987DEC9B7E}.AppStore|x86.ActiveCfg = Debug|Any CPU
		{3BE76459-485A-466F-A57C-C3987DEC9B7E}.AppStore|x86.Build.0 = Debug|Any CPU
		{3BE76459-485A-466F-A57C-C3987DEC9B7E}.Debug|Any CPU.ActiveCfg = Debug|Any CPU
		{3BE76459-485A-466F-A57C-C3987DEC9B7E}.Debug|Any CPU.Build.0 = Debug|Any CPU
		{3BE76459-485A-466F-A57C-C3987DEC9B7E}.Debug|ARM.ActiveCfg = Debug|Any CPU
		{3BE76459-485A-466F-A57C-C3987DEC9B7E}.Debug|ARM.Build.0 = Debug|Any CPU
		{3BE76459-485A-466F-A57C-C3987DEC9B7E}.Debug|iPhone.ActiveCfg = Debug|Any CPU
		{3BE76459-485A-466F-A57C-C3987DEC9B7E}.Debug|iPhone.Build.0 = Debug|Any CPU
		{3BE76459-485A-466F-A57C-C3987DEC9B7E}.Debug|iPhoneSimulator.ActiveCfg = Debug|Any CPU
		{3BE76459-485A-466F-A57C-C3987DEC9B7E}.Debug|iPhoneSimulator.Build.0 = Debug|Any CPU
		{3BE76459-485A-466F-A57C-C3987DEC9B7E}.Debug|x64.ActiveCfg = Debug|Any CPU
		{3BE76459-485A-466F-A57C-C3987DEC9B7E}.Debug|x64.Build.0 = Debug|Any CPU
		{3BE76459-485A-466F-A57C-C3987DEC9B7E}.Debug|x86.ActiveCfg = Debug|Any CPU
		{3BE76459-485A-466F-A57C-C3987DEC9B7E}.Debug|x86.Build.0 = Debug|Any CPU
		{3BE76459-485A-466F-A57C-C3987DEC9B7E}.Release|Any CPU.ActiveCfg = Release|Any CPU
		{3BE76459-485A-466F-A57C-C3987DEC9B7E}.Release|Any CPU.Build.0 = Release|Any CPU
		{3BE76459-485A-466F-A57C-C3987DEC9B7E}.Release|ARM.ActiveCfg = Release|Any CPU
		{3BE76459-485A-466F-A57C-C3987DEC9B7E}.Release|ARM.Build.0 = Release|Any CPU
		{3BE76459-485A-466F-A57C-C3987DEC9B7E}.Release|iPhone.ActiveCfg = Release|Any CPU
		{3BE76459-485A-466F-A57C-C3987DEC9B7E}.Release|iPhone.Build.0 = Release|Any CPU
		{3BE76459-485A-466F-A57C-C3987DEC9B7E}.Release|iPhoneSimulator.ActiveCfg = Release|Any CPU
		{3BE76459-485A-466F-A57C-C3987DEC9B7E}.Release|iPhoneSimulator.Build.0 = Release|Any CPU
		{3BE76459-485A-466F-A57C-C3987DEC9B7E}.Release|x64.ActiveCfg = Release|Any CPU
		{3BE76459-485A-466F-A57C-C3987DEC9B7E}.Release|x64.Build.0 = Release|Any CPU
		{3BE76459-485A-466F-A57C-C3987DEC9B7E}.Release|x86.ActiveCfg = Release|Any CPU
		{3BE76459-485A-466F-A57C-C3987DEC9B7E}.Release|x86.Build.0 = Release|Any CPU
		{9D613A89-DEB4-4DBB-A8DB-A6380A791CDB}.Ad-Hoc|Any CPU.ActiveCfg = Debug|Any CPU
		{9D613A89-DEB4-4DBB-A8DB-A6380A791CDB}.Ad-Hoc|Any CPU.Build.0 = Debug|Any CPU
		{9D613A89-DEB4-4DBB-A8DB-A6380A791CDB}.Ad-Hoc|ARM.ActiveCfg = Debug|Any CPU
		{9D613A89-DEB4-4DBB-A8DB-A6380A791CDB}.Ad-Hoc|ARM.Build.0 = Debug|Any CPU
		{9D613A89-DEB4-4DBB-A8DB-A6380A791CDB}.Ad-Hoc|iPhone.ActiveCfg = Debug|Any CPU
		{9D613A89-DEB4-4DBB-A8DB-A6380A791CDB}.Ad-Hoc|iPhone.Build.0 = Debug|Any CPU
		{9D613A89-DEB4-4DBB-A8DB-A6380A791CDB}.Ad-Hoc|iPhoneSimulator.ActiveCfg = Debug|Any CPU
		{9D613A89-DEB4-4DBB-A8DB-A6380A791CDB}.Ad-Hoc|iPhoneSimulator.Build.0 = Debug|Any CPU
		{9D613A89-DEB4-4DBB-A8DB-A6380A791CDB}.Ad-Hoc|x64.ActiveCfg = Debug|Any CPU
		{9D613A89-DEB4-4DBB-A8DB-A6380A791CDB}.Ad-Hoc|x64.Build.0 = Debug|Any CPU
		{9D613A89-DEB4-4DBB-A8DB-A6380A791CDB}.Ad-Hoc|x86.ActiveCfg = Debug|Any CPU
		{9D613A89-DEB4-4DBB-A8DB-A6380A791CDB}.Ad-Hoc|x86.Build.0 = Debug|Any CPU
		{9D613A89-DEB4-4DBB-A8DB-A6380A791CDB}.AppStore|Any CPU.ActiveCfg = Debug|Any CPU
		{9D613A89-DEB4-4DBB-A8DB-A6380A791CDB}.AppStore|Any CPU.Build.0 = Debug|Any CPU
		{9D613A89-DEB4-4DBB-A8DB-A6380A791CDB}.AppStore|ARM.ActiveCfg = Debug|Any CPU
		{9D613A89-DEB4-4DBB-A8DB-A6380A791CDB}.AppStore|ARM.Build.0 = Debug|Any CPU
		{9D613A89-DEB4-4DBB-A8DB-A6380A791CDB}.AppStore|iPhone.ActiveCfg = Debug|Any CPU
		{9D613A89-DEB4-4DBB-A8DB-A6380A791CDB}.AppStore|iPhone.Build.0 = Debug|Any CPU
		{9D613A89-DEB4-4DBB-A8DB-A6380A791CDB}.AppStore|iPhoneSimulator.ActiveCfg = Debug|Any CPU
		{9D613A89-DEB4-4DBB-A8DB-A6380A791CDB}.AppStore|iPhoneSimulator.Build.0 = Debug|Any CPU
		{9D613A89-DEB4-4DBB-A8DB-A6380A791CDB}.AppStore|x64.ActiveCfg = Debug|Any CPU
		{9D613A89-DEB4-4DBB-A8DB-A6380A791CDB}.AppStore|x64.Build.0 = Debug|Any CPU
		{9D613A89-DEB4-4DBB-A8DB-A6380A791CDB}.AppStore|x86.ActiveCfg = Debug|Any CPU
		{9D613A89-DEB4-4DBB-A8DB-A6380A791CDB}.AppStore|x86.Build.0 = Debug|Any CPU
		{9D613A89-DEB4-4DBB-A8DB-A6380A791CDB}.Debug|Any CPU.ActiveCfg = Debug|Any CPU
		{9D613A89-DEB4-4DBB-A8DB-A6380A791CDB}.Debug|Any CPU.Build.0 = Debug|Any CPU
		{9D613A89-DEB4-4DBB-A8DB-A6380A791CDB}.Debug|ARM.ActiveCfg = Debug|Any CPU
		{9D613A89-DEB4-4DBB-A8DB-A6380A791CDB}.Debug|ARM.Build.0 = Debug|Any CPU
		{9D613A89-DEB4-4DBB-A8DB-A6380A791CDB}.Debug|iPhone.ActiveCfg = Debug|Any CPU
		{9D613A89-DEB4-4DBB-A8DB-A6380A791CDB}.Debug|iPhone.Build.0 = Debug|Any CPU
		{9D613A89-DEB4-4DBB-A8DB-A6380A791CDB}.Debug|iPhoneSimulator.ActiveCfg = Debug|Any CPU
		{9D613A89-DEB4-4DBB-A8DB-A6380A791CDB}.Debug|iPhoneSimulator.Build.0 = Debug|Any CPU
		{9D613A89-DEB4-4DBB-A8DB-A6380A791CDB}.Debug|x64.ActiveCfg = Debug|Any CPU
		{9D613A89-DEB4-4DBB-A8DB-A6380A791CDB}.Debug|x64.Build.0 = Debug|Any CPU
		{9D613A89-DEB4-4DBB-A8DB-A6380A791CDB}.Debug|x86.ActiveCfg = Debug|Any CPU
		{9D613A89-DEB4-4DBB-A8DB-A6380A791CDB}.Debug|x86.Build.0 = Debug|Any CPU
		{9D613A89-DEB4-4DBB-A8DB-A6380A791CDB}.Release|Any CPU.ActiveCfg = Release|Any CPU
		{9D613A89-DEB4-4DBB-A8DB-A6380A791CDB}.Release|Any CPU.Build.0 = Release|Any CPU
		{9D613A89-DEB4-4DBB-A8DB-A6380A791CDB}.Release|ARM.ActiveCfg = Release|Any CPU
		{9D613A89-DEB4-4DBB-A8DB-A6380A791CDB}.Release|ARM.Build.0 = Release|Any CPU
		{9D613A89-DEB4-4DBB-A8DB-A6380A791CDB}.Release|iPhone.ActiveCfg = Release|Any CPU
		{9D613A89-DEB4-4DBB-A8DB-A6380A791CDB}.Release|iPhone.Build.0 = Release|Any CPU
		{9D613A89-DEB4-4DBB-A8DB-A6380A791CDB}.Release|iPhoneSimulator.ActiveCfg = Release|Any CPU
		{9D613A89-DEB4-4DBB-A8DB-A6380A791CDB}.Release|iPhoneSimulator.Build.0 = Release|Any CPU
		{9D613A89-DEB4-4DBB-A8DB-A6380A791CDB}.Release|x64.ActiveCfg = Release|Any CPU
		{9D613A89-DEB4-4DBB-A8DB-A6380A791CDB}.Release|x64.Build.0 = Release|Any CPU
		{9D613A89-DEB4-4DBB-A8DB-A6380A791CDB}.Release|x86.ActiveCfg = Release|Any CPU
		{9D613A89-DEB4-4DBB-A8DB-A6380A791CDB}.Release|x86.Build.0 = Release|Any CPU
	EndGlobalSection
	GlobalSection(SolutionProperties) = preSolution
		HideSolutionNode = FALSE
	EndGlobalSection
	GlobalSection(NestedProjects) = preSolution
		{72822DBD-D3EF-4507-BC53-50D79F482859} = {706AE90D-64E1-4AC4-9867-2AFB48E51C12}
		{3BE76459-485A-466F-A57C-C3987DEC9B7E} = {3314A24F-CF79-4FAA-95B6-0890802FD800}
		{9D613A89-DEB4-4DBB-A8DB-A6380A791CDB} = {3314A24F-CF79-4FAA-95B6-0890802FD800}
	EndGlobalSection
	GlobalSection(ExtensibilityGlobals) = postSolution
		SolutionGuid = {BEBA2F1F-CF31-4D2D-96CF-009D8E4BC4BA}
	EndGlobalSection
EndGlobal
